// !$*UTF8*$!
{
	archiveVersion = 1;
	classes = {
	};
	objectVersion = 46;
	objects = {

/* Begin PBXBuildFile section */
		073B28161DB1CFC00035D88F /* AppDelegate.swift in Sources */ = {isa = PBXBuildFile; fileRef = 073B28151DB1CFC00035D88F /* AppDelegate.swift */; };
		073B28181DB1CFC00035D88F /* MainViewController.swift in Sources */ = {isa = PBXBuildFile; fileRef = 073B28171DB1CFC00035D88F /* MainViewController.swift */; };
		073B281B1DB1CFC00035D88F /* Main.storyboard in Resources */ = {isa = PBXBuildFile; fileRef = 073B28191DB1CFC00035D88F /* Main.storyboard */; };
		073B281D1DB1CFC00035D88F /* Assets.xcassets in Resources */ = {isa = PBXBuildFile; fileRef = 073B281C1DB1CFC00035D88F /* Assets.xcassets */; };
		073B28201DB1CFC00035D88F /* LaunchScreen.storyboard in Resources */ = {isa = PBXBuildFile; fileRef = 073B281E1DB1CFC00035D88F /* LaunchScreen.storyboard */; };
		073B28281DB1E2AF0035D88F /* CoreLocation.framework in Frameworks */ = {isa = PBXBuildFile; fileRef = 073B28271DB1E2AF0035D88F /* CoreLocation.framework */; };
		073B282A1DB1E4630035D88F /* LocationManager.swift in Sources */ = {isa = PBXBuildFile; fileRef = 073B28291DB1E4630035D88F /* LocationManager.swift */; };
		073B282D1DB1E7AB0035D88F /* 2014-10-19yamanakako.gpx in Resources */ = {isa = PBXBuildFile; fileRef = 073B282C1DB1E7AB0035D88F /* 2014-10-19yamanakako.gpx */; };
		074E8E4D1DB20AC500A36D95 /* PreviewViewController.swift in Sources */ = {isa = PBXBuildFile; fileRef = 074E8E4C1DB20AC500A36D95 /* PreviewViewController.swift */; };
		079A2BEA1DB4A2680070118E /*  UD.swift in Sources */ = {isa = PBXBuildFile; fileRef = 079A2BE91DB4A2680070118E /*  UD.swift */; };
		07B286501DB4480100A288D8 /* CaptureSession.swift in Sources */ = {isa = PBXBuildFile; fileRef = 07B2864F1DB4480100A288D8 /* CaptureSession.swift */; };
		07B286521DB453E600A288D8 /* GraphViewController.swift in Sources */ = {isa = PBXBuildFile; fileRef = 07B286511DB453E600A288D8 /* GraphViewController.swift */; };
		07B286541DB456D100A288D8 /* GraphView.swift in Sources */ = {isa = PBXBuildFile; fileRef = 07B286531DB456D100A288D8 /* GraphView.swift */; };
		07B286561DB4594700A288D8 /* InfoPList.swift in Sources */ = {isa = PBXBuildFile; fileRef = 07B286551DB4594700A288D8 /* InfoPList.swift */; };
		07B286581DB46A1C00A288D8 /* DataPlottedViewController.swift in Sources */ = {isa = PBXBuildFile; fileRef = 07B286571DB46A1C00A288D8 /* DataPlottedViewController.swift */; };
		07B2865A1DB46B1500A288D8 /* DataPlottedView.swift in Sources */ = {isa = PBXBuildFile; fileRef = 07B286591DB46B1500A288D8 /* DataPlottedView.swift */; };
		07B2865C1DB46E6300A288D8 /* Color.swift in Sources */ = {isa = PBXBuildFile; fileRef = 07B2865B1DB46E6300A288D8 /* Color.swift */; };
		07DB48A91DB5A4130021AB5C /* CaptureVideoLayer.swift in Sources */ = {isa = PBXBuildFile; fileRef = 07DB48A81DB5A4130021AB5C /* CaptureVideoLayer.swift */; };
		07FAA5A11DB4AD36000729EA /* DataPlottedShapeLayer.swift in Sources */ = {isa = PBXBuildFile; fileRef = 07FAA5A01DB4AD36000729EA /* DataPlottedShapeLayer.swift */; };
		07FAA5A51DB589F2000729EA /* KvoModel.swift in Sources */ = {isa = PBXBuildFile; fileRef = 07FAA5A41DB589F2000729EA /* KvoModel.swift */; };
/* End PBXBuildFile section */

/* Begin PBXFileReference section */
		073B28121DB1CFC00035D88F /* Feel Distance.app */ = {isa = PBXFileReference; explicitFileType = wrapper.application; includeInIndex = 0; path = "Feel Distance.app"; sourceTree = BUILT_PRODUCTS_DIR; };
		073B28151DB1CFC00035D88F /* AppDelegate.swift */ = {isa = PBXFileReference; lastKnownFileType = sourcecode.swift; path = AppDelegate.swift; sourceTree = "<group>"; };
		073B28171DB1CFC00035D88F /* MainViewController.swift */ = {isa = PBXFileReference; lastKnownFileType = sourcecode.swift; path = MainViewController.swift; sourceTree = "<group>"; };
		073B281A1DB1CFC00035D88F /* Base */ = {isa = PBXFileReference; lastKnownFileType = file.storyboard; name = Base; path = Base.lproj/Main.storyboard; sourceTree = "<group>"; };
		073B281C1DB1CFC00035D88F /* Assets.xcassets */ = {isa = PBXFileReference; lastKnownFileType = folder.assetcatalog; path = Assets.xcassets; sourceTree = "<group>"; };
		073B281F1DB1CFC00035D88F /* Base */ = {isa = PBXFileReference; lastKnownFileType = file.storyboard; name = Base; path = Base.lproj/LaunchScreen.storyboard; sourceTree = "<group>"; };
		073B28211DB1CFC00035D88F /* Info.plist */ = {isa = PBXFileReference; lastKnownFileType = text.plist.xml; path = Info.plist; sourceTree = "<group>"; };
		073B28271DB1E2AF0035D88F /* CoreLocation.framework */ = {isa = PBXFileReference; lastKnownFileType = wrapper.framework; name = CoreLocation.framework; path = System/Library/Frameworks/CoreLocation.framework; sourceTree = SDKROOT; };
		073B28291DB1E4630035D88F /* LocationManager.swift */ = {isa = PBXFileReference; fileEncoding = 4; lastKnownFileType = sourcecode.swift; path = LocationManager.swift; sourceTree = "<group>"; };
		073B282C1DB1E7AB0035D88F /* 2014-10-19yamanakako.gpx */ = {isa = PBXFileReference; fileEncoding = 4; lastKnownFileType = text.xml; path = "2014-10-19yamanakako.gpx"; sourceTree = "<group>"; };
		074E8E4C1DB20AC500A36D95 /* PreviewViewController.swift */ = {isa = PBXFileReference; fileEncoding = 4; lastKnownFileType = sourcecode.swift; path = PreviewViewController.swift; sourceTree = "<group>"; };
		079A2BE91DB4A2680070118E /*  UD.swift */ = {isa = PBXFileReference; fileEncoding = 4; lastKnownFileType = sourcecode.swift; path = " UD.swift"; sourceTree = "<group>"; };
		07B2864F1DB4480100A288D8 /* CaptureSession.swift */ = {isa = PBXFileReference; fileEncoding = 4; lastKnownFileType = sourcecode.swift; path = CaptureSession.swift; sourceTree = "<group>"; };
		07B286511DB453E600A288D8 /* GraphViewController.swift */ = {isa = PBXFileReference; fileEncoding = 4; lastKnownFileType = sourcecode.swift; path = GraphViewController.swift; sourceTree = "<group>"; };
		07B286531DB456D100A288D8 /* GraphView.swift */ = {isa = PBXFileReference; fileEncoding = 4; lastKnownFileType = sourcecode.swift; path = GraphView.swift; sourceTree = "<group>"; };
		07B286551DB4594700A288D8 /* InfoPList.swift */ = {isa = PBXFileReference; fileEncoding = 4; lastKnownFileType = sourcecode.swift; path = InfoPList.swift; sourceTree = "<group>"; };
		07B286571DB46A1C00A288D8 /* DataPlottedViewController.swift */ = {isa = PBXFileReference; fileEncoding = 4; lastKnownFileType = sourcecode.swift; path = DataPlottedViewController.swift; sourceTree = "<group>"; };
		07B286591DB46B1500A288D8 /* DataPlottedView.swift */ = {isa = PBXFileReference; fileEncoding = 4; lastKnownFileType = sourcecode.swift; path = DataPlottedView.swift; sourceTree = "<group>"; };
		07B2865B1DB46E6300A288D8 /* Color.swift */ = {isa = PBXFileReference; fileEncoding = 4; lastKnownFileType = sourcecode.swift; path = Color.swift; sourceTree = "<group>"; };
		07DB48A81DB5A4130021AB5C /* CaptureVideoLayer.swift */ = {isa = PBXFileReference; fileEncoding = 4; lastKnownFileType = sourcecode.swift; path = CaptureVideoLayer.swift; sourceTree = "<group>"; };
		07FAA5A01DB4AD36000729EA /* DataPlottedShapeLayer.swift */ = {isa = PBXFileReference; fileEncoding = 4; lastKnownFileType = sourcecode.swift; path = DataPlottedShapeLayer.swift; sourceTree = "<group>"; };
		07FAA5A41DB589F2000729EA /* KvoModel.swift */ = {isa = PBXFileReference; fileEncoding = 4; lastKnownFileType = sourcecode.swift; path = KvoModel.swift; sourceTree = "<group>"; };
/* End PBXFileReference section */

/* Begin PBXFrameworksBuildPhase section */
		073B280F1DB1CFC00035D88F /* Frameworks */ = {
			isa = PBXFrameworksBuildPhase;
			buildActionMask = 2147483647;
			files = (
				073B28281DB1E2AF0035D88F /* CoreLocation.framework in Frameworks */,
			);
			runOnlyForDeploymentPostprocessing = 0;
		};
/* End PBXFrameworksBuildPhase section */

/* Begin PBXGroup section */
		073B28091DB1CFC00035D88F = {
			isa = PBXGroup;
			children = (
				073B28271DB1E2AF0035D88F /* CoreLocation.framework */,
				073B28141DB1CFC00035D88F /* Feel Distance */,
				073B28131DB1CFC00035D88F /* Products */,
			);
			sourceTree = "<group>";
		};
		073B28131DB1CFC00035D88F /* Products */ = {
			isa = PBXGroup;
			children = (
				073B28121DB1CFC00035D88F /* Feel Distance.app */,
			);
			name = Products;
			sourceTree = "<group>";
		};
		073B28141DB1CFC00035D88F /* Feel Distance */ = {
			isa = PBXGroup;
			children = (
				073B282B1DB1E78F0035D88F /* Resources */,
				073B28151DB1CFC00035D88F /* AppDelegate.swift */,
				073B28171DB1CFC00035D88F /* MainViewController.swift */,
				073B28191DB1CFC00035D88F /* Main.storyboard */,
				073B281C1DB1CFC00035D88F /* Assets.xcassets */,
				073B281E1DB1CFC00035D88F /* LaunchScreen.storyboard */,
				073B28211DB1CFC00035D88F /* Info.plist */,
				07DB48A71DB591710021AB5C /* Preview */,
				07DB48A61DB58F0E0021AB5C /* Model */,
				07FAA59F1DB4A8E8000729EA /* Graph */,
				079A2BEC1DB4A7500070118E /* Helper */,
			);
			path = "Feel Distance";
			sourceTree = "<group>";
		};
		073B282B1DB1E78F0035D88F /* Resources */ = {
			isa = PBXGroup;
			children = (
				073B282C1DB1E7AB0035D88F /* 2014-10-19yamanakako.gpx */,
			);
			name = Resources;
			sourceTree = "<group>";
		};
		079A2BEC1DB4A7500070118E /* Helper */ = {
			isa = PBXGroup;
			children = (
				07B286551DB4594700A288D8 /* InfoPList.swift */,
				07B2865B1DB46E6300A288D8 /* Color.swift */,
				079A2BE91DB4A2680070118E /*  UD.swift */,
			);
			name = Helper;
			sourceTree = "<group>";
		};
		07DB48A61DB58F0E0021AB5C /* Model */ = {
			isa = PBXGroup;
			children = (
				073B28291DB1E4630035D88F /* LocationManager.swift */,
				07FAA5A41DB589F2000729EA /* KvoModel.swift */,
			);
			name = Model;
			sourceTree = "<group>";
		};
		07DB48A71DB591710021AB5C /* Preview */ = {
			isa = PBXGroup;
			children = (
				074E8E4C1DB20AC500A36D95 /* PreviewViewController.swift */,
				07B2864F1DB4480100A288D8 /* CaptureSession.swift */,
				07DB48A81DB5A4130021AB5C /* CaptureVideoLayer.swift */,
			);
			name = Preview;
			sourceTree = "<group>";
		};
		07FAA59F1DB4A8E8000729EA /* Graph */ = {
			isa = PBXGroup;
			children = (
				07B286511DB453E600A288D8 /* GraphViewController.swift */,
				07B286531DB456D100A288D8 /* GraphView.swift */,
				07B286571DB46A1C00A288D8 /* DataPlottedViewController.swift */,
				07B286591DB46B1500A288D8 /* DataPlottedView.swift */,
				07FAA5A01DB4AD36000729EA /* DataPlottedShapeLayer.swift */,
			);
			name = Graph;
			sourceTree = "<group>";
		};
/* End PBXGroup section */

/* Begin PBXNativeTarget section */
		073B28111DB1CFC00035D88F /* Feel Distance */ = {
			isa = PBXNativeTarget;
			buildConfigurationList = 073B28241DB1CFC00035D88F /* Build configuration list for PBXNativeTarget "Feel Distance" */;
			buildPhases = (
				073B280E1DB1CFC00035D88F /* Sources */,
				073B280F1DB1CFC00035D88F /* Frameworks */,
				073B28101DB1CFC00035D88F /* Resources */,
			);
			buildRules = (
			);
			dependencies = (
			);
			name = "Feel Distance";
			productName = "Feel Distance";
			productReference = 073B28121DB1CFC00035D88F /* Feel Distance.app */;
			productType = "com.apple.product-type.application";
		};
/* End PBXNativeTarget section */

/* Begin PBXProject section */
		073B280A1DB1CFC00035D88F /* Project object */ = {
			isa = PBXProject;
			attributes = {
				LastSwiftUpdateCheck = 0730;
				LastUpgradeCheck = 0730;
				ORGANIZATIONNAME = "Tatsuro Ueda";
				TargetAttributes = {
					073B28111DB1CFC00035D88F = {
						CreatedOnToolsVersion = 7.3.1;
					};
				};
			};
			buildConfigurationList = 073B280D1DB1CFC00035D88F /* Build configuration list for PBXProject "Feel Distance" */;
			compatibilityVersion = "Xcode 3.2";
			developmentRegion = English;
			hasScannedForEncodings = 0;
			knownRegions = (
				en,
				Base,
			);
			mainGroup = 073B28091DB1CFC00035D88F;
			productRefGroup = 073B28131DB1CFC00035D88F /* Products */;
			projectDirPath = "";
			projectRoot = "";
			targets = (
				073B28111DB1CFC00035D88F /* Feel Distance */,
			);
		};
/* End PBXProject section */

/* Begin PBXResourcesBuildPhase section */
		073B28101DB1CFC00035D88F /* Resources */ = {
			isa = PBXResourcesBuildPhase;
			buildActionMask = 2147483647;
			files = (
				073B28201DB1CFC00035D88F /* LaunchScreen.storyboard in Resources */,
				073B281D1DB1CFC00035D88F /* Assets.xcassets in Resources */,
				073B282D1DB1E7AB0035D88F /* 2014-10-19yamanakako.gpx in Resources */,
				073B281B1DB1CFC00035D88F /* Main.storyboard in Resources */,
			);
			runOnlyForDeploymentPostprocessing = 0;
		};
/* End PBXResourcesBuildPhase section */

/* Begin PBXSourcesBuildPhase section */
		073B280E1DB1CFC00035D88F /* Sources */ = {
			isa = PBXSourcesBuildPhase;
			buildActionMask = 2147483647;
			files = (
				073B28181DB1CFC00035D88F /* MainViewController.swift in Sources */,
				079A2BEA1DB4A2680070118E /*  UD.swift in Sources */,
				07FAA5A51DB589F2000729EA /* KvoModel.swift in Sources */,
				07B286561DB4594700A288D8 /* InfoPList.swift in Sources */,
				07B2865C1DB46E6300A288D8 /* Color.swift in Sources */,
				073B28161DB1CFC00035D88F /* AppDelegate.swift in Sources */,
				07B286541DB456D100A288D8 /* GraphView.swift in Sources */,
				073B282A1DB1E4630035D88F /* LocationManager.swift in Sources */,
				07B286521DB453E600A288D8 /* GraphViewController.swift in Sources */,
				07B286501DB4480100A288D8 /* CaptureSession.swift in Sources */,
				07B286581DB46A1C00A288D8 /* DataPlottedViewController.swift in Sources */,
				074E8E4D1DB20AC500A36D95 /* PreviewViewController.swift in Sources */,
				07B2865A1DB46B1500A288D8 /* DataPlottedView.swift in Sources */,
				07DB48A91DB5A4130021AB5C /* CaptureVideoLayer.swift in Sources */,
				07FAA5A11DB4AD36000729EA /* DataPlottedShapeLayer.swift in Sources */,
			);
			runOnlyForDeploymentPostprocessing = 0;
		};
/* End PBXSourcesBuildPhase section */

/* Begin PBXVariantGroup section */
		073B28191DB1CFC00035D88F /* Main.storyboard */ = {
			isa = PBXVariantGroup;
			children = (
				073B281A1DB1CFC00035D88F /* Base */,
			);
			name = Main.storyboard;
			sourceTree = "<group>";
		};
		073B281E1DB1CFC00035D88F /* LaunchScreen.storyboard */ = {
			isa = PBXVariantGroup;
			children = (
				073B281F1DB1CFC00035D88F /* Base */,
			);
			name = LaunchScreen.storyboard;
			sourceTree = "<group>";
		};
/* End PBXVariantGroup section */

/* Begin XCBuildConfiguration section */
		073B28221DB1CFC00035D88F /* Debug */ = {
			isa = XCBuildConfiguration;
			buildSettings = {
				ALWAYS_SEARCH_USER_PATHS = NO;
				CLANG_ANALYZER_NONNULL = YES;
				CLANG_CXX_LANGUAGE_STANDARD = "gnu++0x";
				CLANG_CXX_LIBRARY = "libc++";
				CLANG_ENABLE_MODULES = YES;
				CLANG_ENABLE_OBJC_ARC = YES;
				CLANG_WARN_BOOL_CONVERSION = YES;
				CLANG_WARN_CONSTANT_CONVERSION = YES;
				CLANG_WARN_DIRECT_OBJC_ISA_USAGE = YES_ERROR;
				CLANG_WARN_EMPTY_BODY = YES;
				CLANG_WARN_ENUM_CONVERSION = YES;
				CLANG_WARN_INT_CONVERSION = YES;
				CLANG_WARN_OBJC_ROOT_CLASS = YES_ERROR;
				CLANG_WARN_UNREACHABLE_CODE = YES;
				CLANG_WARN__DUPLICATE_METHOD_MATCH = YES;
				"CODE_SIGN_IDENTITY[sdk=iphoneos*]" = "iPhone Developer";
				COPY_PHASE_STRIP = NO;
				DEBUG_INFORMATION_FORMAT = dwarf;
				ENABLE_STRICT_OBJC_MSGSEND = YES;
				ENABLE_TESTABILITY = YES;
				GCC_C_LANGUAGE_STANDARD = gnu99;
				GCC_DYNAMIC_NO_PIC = NO;
				GCC_NO_COMMON_BLOCKS = YES;
				GCC_OPTIMIZATION_LEVEL = 0;
				GCC_PREPROCESSOR_DEFINITIONS = (
					"DEBUG=1",
					"$(inherited)",
				);
				GCC_WARN_64_TO_32_BIT_CONVERSION = YES;
				GCC_WARN_ABOUT_RETURN_TYPE = YES_ERROR;
				GCC_WARN_UNDECLARED_SELECTOR = YES;
				GCC_WARN_UNINITIALIZED_AUTOS = YES_AGGRESSIVE;
				GCC_WARN_UNUSED_FUNCTION = YES;
				GCC_WARN_UNUSED_VARIABLE = YES;
				IPHONEOS_DEPLOYMENT_TARGET = 9.3;
				MTL_ENABLE_DEBUG_INFO = YES;
				ONLY_ACTIVE_ARCH = YES;
				SDKROOT = iphoneos;
				SWIFT_OPTIMIZATION_LEVEL = "-Onone";
				TARGETED_DEVICE_FAMILY = "1,2";
			};
			name = Debug;
		};
		073B28231DB1CFC00035D88F /* Release */ = {
			isa = XCBuildConfiguration;
			buildSettings = {
				ALWAYS_SEARCH_USER_PATHS = NO;
				CLANG_ANALYZER_NONNULL = YES;
				CLANG_CXX_LANGUAGE_STANDARD = "gnu++0x";
				CLANG_CXX_LIBRARY = "libc++";
				CLANG_ENABLE_MODULES = YES;
				CLANG_ENABLE_OBJC_ARC = YES;
				CLANG_WARN_BOOL_CONVERSION = YES;
				CLANG_WARN_CONSTANT_CONVERSION = YES;
				CLANG_WARN_DIRECT_OBJC_ISA_USAGE = YES_ERROR;
				CLANG_WARN_EMPTY_BODY = YES;
				CLANG_WARN_ENUM_CONVERSION = YES;
				CLANG_WARN_INT_CONVERSION = YES;
				CLANG_WARN_OBJC_ROOT_CLASS = YES_ERROR;
				CLANG_WARN_UNREACHABLE_CODE = YES;
				CLANG_WARN__DUPLICATE_METHOD_MATCH = YES;
				"CODE_SIGN_IDENTITY[sdk=iphoneos*]" = "iPhone Developer";
				COPY_PHASE_STRIP = NO;
				DEBUG_INFORMATION_FORMAT = "dwarf-with-dsym";
				ENABLE_NS_ASSERTIONS = NO;
				ENABLE_STRICT_OBJC_MSGSEND = YES;
				GCC_C_LANGUAGE_STANDARD = gnu99;
				GCC_NO_COMMON_BLOCKS = YES;
				GCC_WARN_64_TO_32_BIT_CONVERSION = YES;
				GCC_WARN_ABOUT_RETURN_TYPE = YES_ERROR;
				GCC_WARN_UNDECLARED_SELECTOR = YES;
				GCC_WARN_UNINITIALIZED_AUTOS = YES_AGGRESSIVE;
				GCC_WARN_UNUSED_FUNCTION = YES;
				GCC_WARN_UNUSED_VARIABLE = YES;
				IPHONEOS_DEPLOYMENT_TARGET = 9.3;
				MTL_ENABLE_DEBUG_INFO = NO;
				SDKROOT = iphoneos;
				TARGETED_DEVICE_FAMILY = "1,2";
				VALIDATE_PRODUCT = YES;
			};
			name = Release;
		};
		073B28251DB1CFC00035D88F /* Debug */ = {
			isa = XCBuildConfiguration;
			buildSettings = {
				ASSETCATALOG_COMPILER_APPICON_NAME = AppIcon;
				INFOPLIST_FILE = "Feel Distance/Info.plist";
				LD_RUNPATH_SEARCH_PATHS = "$(inherited) @executable_path/Frameworks";
				PRODUCT_BUNDLE_IDENTIFIER = "Feel-Physics.Feel-Distance";
				PRODUCT_NAME = "$(TARGET_NAME)";
			};
			name = Debug;
		};
		073B28261DB1CFC00035D88F /* Release */ = {
			isa = XCBuildConfiguration;
			buildSettings = {
				ASSETCATALOG_COMPILER_APPICON_NAME = AppIcon;
				INFOPLIST_FILE = "Feel Distance/Info.plist";
				LD_RUNPATH_SEARCH_PATHS = "$(inherited) @executable_path/Frameworks";
				PRODUCT_BUNDLE_IDENTIFIER = "Feel-Physics.Feel-Distance";
				PRODUCT_NAME = "$(TARGET_NAME)";
			};
			name = Release;
		};
/* End XCBuildConfiguration section */

/* Begin XCConfigurationList section */
		073B280D1DB1CFC00035D88F /* Build configuration list for PBXProject "Feel Distance" */ = {
			isa = XCConfigurationList;
			buildConfigurations = (
				073B28221DB1CFC00035D88F /* Debug */,
				073B28231DB1CFC00035D88F /* Release */,
			);
			defaultConfigurationIsVisible = 0;
			defaultConfigurationName = Release;
		};
		073B28241DB1CFC00035D88F /* Build configuration list for PBXNativeTarget "Feel Distance" */ = {
			isa = XCConfigurationList;
			buildConfigurations = (
				073B28251DB1CFC00035D88F /* Debug */,
				073B28261DB1CFC00035D88F /* Release */,
			);
			defaultConfigurationIsVisible = 0;
			defaultConfigurationName = Release;
		};
/* End XCConfigurationList section */
	};
	rootObject = 073B280A1DB1CFC00035D88F /* Project object */;
}
